{
  "version": 4,
  "terraform_version": "1.6.3",
  "serial": 13,
  "lineage": "ce810f31-cae1-fd52-9e40-40921d649fdc",
  "outputs": {
    "file_test": {
      "value": {
        "content": "푸떠핸접!",
        "content_base64": "7ZG465ag7ZW47KCRIQ==",
        "content_base64sha256": "1HQ9lI5ZJax+SxuKU/SP4pqpBIdfUWhheTjZ/makgyE=",
        "content_base64sha512": "hbkOyy2zDgmGGZZHgaQO3xpyYHlcoQcWnHSR0UtSfRBMECYaTqf1he1iw55lDVyvK8cihc1yT9lLtDawcxeNGw==",
        "content_md5": "36059d0c6c77dfc4afa0b79e6b21ecd9",
        "content_sha1": "12571e564583ec4b0ffc011b35cdb83ea74481d7",
        "content_sha256": "d4743d948e5925ac7e4b1b8a53f48fe29aa904875f5168617938d9fe66a48321",
        "content_sha512": "85b90ecb2db30e098619964781a40edf1a7260795ca107169c7491d14b527d104c10261a4ea7f585ed62c39e650d5caf2bc72285cd724fd94bb436b073178d1b",
        "filename": "./foo.txt",
        "id": "12571e564583ec4b0ffc011b35cdb83ea74481d7"
      },
      "type": [
        "object",
        {
          "content": "string",
          "content_base64": "string",
          "content_base64sha256": "string",
          "content_base64sha512": "string",
          "content_md5": "string",
          "content_sha1": "string",
          "content_sha256": "string",
          "content_sha512": "string",
          "filename": "string",
          "id": "string"
        }
      ]
    },
    "test-vpc": {
      "value": {
        "arn": "arn:aws:ec2:ap-northeast-2:263535801242:vpc/vpc-04a91eab62d1e8744",
        "assign_generated_ipv6_cidr_block": false,
        "cidr_block": "10.1.0.0/16",
        "default_network_acl_id": "acl-015fbc04fdd314388",
        "default_route_table_id": "rtb-01c61c228231303dd",
        "default_security_group_id": "sg-077a344f5f52fc277",
        "dhcp_options_id": "dopt-0fa6c85811b7a2cab",
        "enable_dns_hostnames": false,
        "enable_dns_support": true,
        "enable_network_address_usage_metrics": false,
        "id": "vpc-04a91eab62d1e8744",
        "instance_tenancy": "default",
        "ipv4_ipam_pool_id": null,
        "ipv4_netmask_length": null,
        "ipv6_association_id": "",
        "ipv6_cidr_block": "",
        "ipv6_cidr_block_network_border_group": "",
        "ipv6_ipam_pool_id": "",
        "ipv6_netmask_length": 0,
        "main_route_table_id": "rtb-01c61c228231303dd",
        "owner_id": "263535801242",
        "tags": {
          "Name": "TEST2"
        },
        "tags_all": {
          "Name": "TEST2"
        }
      },
      "type": [
        "object",
        {
          "arn": "string",
          "assign_generated_ipv6_cidr_block": "bool",
          "cidr_block": "string",
          "default_network_acl_id": "string",
          "default_route_table_id": "string",
          "default_security_group_id": "string",
          "dhcp_options_id": "string",
          "enable_dns_hostnames": "bool",
          "enable_dns_support": "bool",
          "enable_network_address_usage_metrics": "bool",
          "id": "string",
          "instance_tenancy": "string",
          "ipv4_ipam_pool_id": "string",
          "ipv4_netmask_length": "number",
          "ipv6_association_id": "string",
          "ipv6_cidr_block": "string",
          "ipv6_cidr_block_network_border_group": "string",
          "ipv6_ipam_pool_id": "string",
          "ipv6_netmask_length": "number",
          "main_route_table_id": "string",
          "owner_id": "string",
          "tags": [
            "map",
            "string"
          ],
          "tags_all": [
            "map",
            "string"
          ]
        }
      ]
    },
    "vpc_test": {
      "value": [
        "vpc-05b41b79698ff30d5",
        "vpc-07c38c014fd28a8ee"
      ],
      "type": [
        "list",
        "string"
      ]
    }
  },
  "resources": [
    {
      "mode": "data",
      "type": "aws_vpcs",
      "name": "test-vpc",
      "provider": "provider[\"registry.terraform.io/hashicorp/aws\"]",
      "instances": [
        {
          "schema_version": 0,
          "attributes": {
            "filter": null,
            "id": "ap-northeast-2",
            "ids": [
              "vpc-05b41b79698ff30d5",
              "vpc-07c38c014fd28a8ee"
            ],
            "tags": null,
            "timeouts": null
          },
          "sensitive_attributes": []
        }
      ]
    },
    {
      "mode": "data",
      "type": "local_file",
      "name": "test",
      "provider": "provider[\"registry.terraform.io/hashicorp/local\"]",
      "instances": [
        {
          "schema_version": 0,
          "attributes": {
            "content": "푸떠핸접!",
            "content_base64": "7ZG465ag7ZW47KCRIQ==",
            "content_base64sha256": "1HQ9lI5ZJax+SxuKU/SP4pqpBIdfUWhheTjZ/makgyE=",
            "content_base64sha512": "hbkOyy2zDgmGGZZHgaQO3xpyYHlcoQcWnHSR0UtSfRBMECYaTqf1he1iw55lDVyvK8cihc1yT9lLtDawcxeNGw==",
            "content_md5": "36059d0c6c77dfc4afa0b79e6b21ecd9",
            "content_sha1": "12571e564583ec4b0ffc011b35cdb83ea74481d7",
            "content_sha256": "d4743d948e5925ac7e4b1b8a53f48fe29aa904875f5168617938d9fe66a48321",
            "content_sha512": "85b90ecb2db30e098619964781a40edf1a7260795ca107169c7491d14b527d104c10261a4ea7f585ed62c39e650d5caf2bc72285cd724fd94bb436b073178d1b",
            "filename": "./foo.txt",
            "id": "12571e564583ec4b0ffc011b35cdb83ea74481d7"
          },
          "sensitive_attributes": []
        }
      ]
    },
    {
      "mode": "managed",
      "type": "aws_vpc",
      "name": "test-vpc",
      "provider": "provider[\"registry.terraform.io/hashicorp/aws\"]",
      "instances": [
        {
          "schema_version": 1,
          "attributes": {
            "arn": "arn:aws:ec2:ap-northeast-2:263535801242:vpc/vpc-04a91eab62d1e8744",
            "assign_generated_ipv6_cidr_block": false,
            "cidr_block": "10.1.0.0/16",
            "default_network_acl_id": "acl-015fbc04fdd314388",
            "default_route_table_id": "rtb-01c61c228231303dd",
            "default_security_group_id": "sg-077a344f5f52fc277",
            "dhcp_options_id": "dopt-0fa6c85811b7a2cab",
            "enable_dns_hostnames": false,
            "enable_dns_support": true,
            "enable_network_address_usage_metrics": false,
            "id": "vpc-04a91eab62d1e8744",
            "instance_tenancy": "default",
            "ipv4_ipam_pool_id": null,
            "ipv4_netmask_length": null,
            "ipv6_association_id": "",
            "ipv6_cidr_block": "",
            "ipv6_cidr_block_network_border_group": "",
            "ipv6_ipam_pool_id": "",
            "ipv6_netmask_length": 0,
            "main_route_table_id": "rtb-01c61c228231303dd",
            "owner_id": "263535801242",
            "tags": {
              "Name": "TEST2"
            },
            "tags_all": {
              "Name": "TEST2"
            }
          },
          "sensitive_attributes": [],
          "private": "eyJzY2hlbWFfdmVyc2lvbiI6IjEifQ=="
        }
      ]
    },
    {
      "mode": "managed",
      "type": "local_file",
      "name": "foo",
      "provider": "provider[\"registry.terraform.io/hashicorp/local\"]",
      "instances": [
        {
          "schema_version": 0,
          "attributes": {
            "content": "Hello Terraform~!!!",
            "content_base64": null,
            "content_base64sha256": "jTEJJ7ZjJPdOzrxUzBt0tkA1wrUG+rh/f8n2+gUevVw=",
            "content_base64sha512": "ZMblE/578gGyzYsScgRsm+YMI4FugcWwhA/YlAW3KN1G+7pzcaeByWj6zKCTrk0NiDc0FCXWnTRLrUIfcpwNJQ==",
            "content_md5": "19ba1fdbd7d0aad7f6ea16ab25d52e34",
            "content_sha1": "0875600820de90bd4da8435cb2d6aa4e29047dbc",
            "content_sha256": "8d310927b66324f74ecebc54cc1b74b64035c2b506fab87f7fc9f6fa051ebd5c",
            "content_sha512": "64c6e513fe7bf201b2cd8b1272046c9be60c23816e81c5b0840fd89405b728dd46fbba7371a781c968facca093ae4d0d8837341425d69d344bad421f729c0d25",
            "directory_permission": "0777",
            "file_permission": "0777",
            "filename": "./foo.txt",
            "id": "0875600820de90bd4da8435cb2d6aa4e29047dbc",
            "sensitive_content": null,
            "source": null
          },
          "sensitive_attributes": []
        }
      ]
    }
  ],
  "check_results": null
}
