{
  "version": 4,
  "terraform_version": "1.6.3",
  "serial": 14,
  "lineage": "8a1370c1-4c33-84e6-2d08-4547e26a1579",
  "outputs": {},
  "resources": [
    {
      "mode": "managed",
      "type": "aws_iam_group",
      "name": "dev",
      "provider": "provider[\"registry.terraform.io/hashicorp/aws\"]",
      "instances": [
        {
          "schema_version": 0,
          "attributes": {
            "arn": "arn:aws:iam::263535801242:group/dev",
            "id": "dev",
            "name": "dev",
            "path": "/",
            "unique_id": "AGPAT2W7VGONCY66GSREV"
          },
          "sensitive_attributes": [],
          "private": "bnVsbA=="
        }
      ]
    },
    {
      "mode": "managed",
      "type": "aws_iam_group",
      "name": "emp",
      "provider": "provider[\"registry.terraform.io/hashicorp/aws\"]",
      "instances": [
        {
          "schema_version": 0,
          "attributes": {
            "arn": "arn:aws:iam::263535801242:group/emp",
            "id": "emp",
            "name": "emp",
            "path": "/",
            "unique_id": "AGPAT2W7VGONNFQH4AO6E"
          },
          "sensitive_attributes": [],
          "private": "bnVsbA=="
        }
      ]
    },
    {
      "mode": "managed",
      "type": "aws_iam_user",
      "name": "test",
      "provider": "provider[\"registry.terraform.io/hashicorp/aws\"]",
      "instances": [
        {
          "index_key": "kang",
          "schema_version": 0,
          "attributes": {
            "arn": "arn:aws:iam::263535801242:user/kang",
            "force_destroy": false,
            "id": "kang",
            "name": "kang",
            "path": "/",
            "permissions_boundary": null,
            "tags": {
              "level": "10",
              "role": "사장"
            },
            "tags_all": {
              "level": "10",
              "role": "사장"
            },
            "unique_id": "AIDAT2W7VGONJDF6AJAZS"
          },
          "sensitive_attributes": [],
          "private": "bnVsbA=="
        },
        {
          "index_key": "kim",
          "schema_version": 0,
          "attributes": {
            "arn": "arn:aws:iam::263535801242:user/kim",
            "force_destroy": false,
            "id": "kim",
            "name": "kim",
            "path": "/",
            "permissions_boundary": null,
            "tags": {
              "level": "10",
              "role": "운영"
            },
            "tags_all": {
              "level": "10",
              "role": "운영"
            },
            "unique_id": "AIDAT2W7VGONIOB6G3D3H"
          },
          "sensitive_attributes": [],
          "private": "bnVsbA=="
        },
        {
          "index_key": "park",
          "schema_version": 0,
          "attributes": {
            "arn": "arn:aws:iam::263535801242:user/park",
            "force_destroy": false,
            "id": "park",
            "name": "park",
            "path": "/",
            "permissions_boundary": null,
            "tags": {
              "level": "5",
              "role": "개발"
            },
            "tags_all": {
              "level": "5",
              "role": "개발"
            },
            "unique_id": "AIDAT2W7VGONNQNT3ZLKS"
          },
          "sensitive_attributes": [],
          "private": "bnVsbA=="
        }
      ]
    },
    {
      "mode": "managed",
      "type": "aws_iam_user_group_membership",
      "name": "team",
      "provider": "provider[\"registry.terraform.io/hashicorp/aws\"]",
      "instances": [
        {
          "index_key": "kang",
          "schema_version": 0,
          "attributes": {
            "groups": [
              "dev"
            ],
            "id": "terraform-20231115083002513200000001",
            "user": "kang"
          },
          "sensitive_attributes": [],
          "private": "bnVsbA==",
          "dependencies": [
            "aws_iam_group.dev",
            "aws_iam_group.emp"
          ]
        },
        {
          "index_key": "kim",
          "schema_version": 0,
          "attributes": {
            "groups": [
              "emp"
            ],
            "id": "terraform-20231115083002519600000003",
            "user": "kim"
          },
          "sensitive_attributes": [],
          "private": "bnVsbA==",
          "dependencies": [
            "aws_iam_group.dev",
            "aws_iam_group.emp"
          ]
        },
        {
          "index_key": "park",
          "schema_version": 0,
          "attributes": {
            "groups": [
              "dev"
            ],
            "id": "terraform-20231115083002516400000002",
            "user": "park"
          },
          "sensitive_attributes": [],
          "private": "bnVsbA==",
          "dependencies": [
            "aws_iam_group.dev",
            "aws_iam_group.emp"
          ]
        }
      ]
    },
    {
      "mode": "managed",
      "type": "aws_iam_user_policy_attachment",
      "name": "dev_att",
      "provider": "provider[\"registry.terraform.io/hashicorp/aws\"]",
      "instances": [
        {
          "index_key": "kang",
          "schema_version": 0,
          "attributes": {
            "id": "kang-20231115085703207000000001",
            "policy_arn": "arn:aws:iam::aws:policy/AdministratorAccess",
            "user": "kang"
          },
          "sensitive_attributes": [],
          "private": "bnVsbA=="
        },
        {
          "index_key": "park",
          "schema_version": 0,
          "attributes": {
            "id": "park-20231115085703227100000002",
            "policy_arn": "arn:aws:iam::aws:policy/AdministratorAccess",
            "user": "park"
          },
          "sensitive_attributes": [],
          "private": "bnVsbA=="
        }
      ]
    }
  ],
  "check_results": null
}
