{
  "version": 4,
  "terraform_version": "1.6.3",
  "serial": 48,
  "lineage": "cb9d7323-f202-b6d4-7d17-cda111e394ae",
  "outputs": {
    "for_each_map_arn": {
      "value": [
        "arn:aws:iam::263535801242:user/kim",
        "arn:aws:iam::263535801242:user/lee",
        "arn:aws:iam::263535801242:user/park"
      ],
      "type": [
        "tuple",
        [
          "string",
          "string",
          "string"
        ]
      ]
    }
  },
  "resources": [
    {
      "mode": "managed",
      "type": "aws_iam_user",
      "name": "for_each_map",
      "provider": "provider[\"registry.terraform.io/hashicorp/aws\"]",
      "instances": [
        {
          "index_key": "kim",
          "schema_version": 0,
          "attributes": {
            "arn": "arn:aws:iam::263535801242:user/kim",
            "force_destroy": false,
            "id": "kim",
            "name": "kim",
            "path": "/",
            "permissions_boundary": null,
            "tags": {
              "dept": "admin",
              "level": "L",
              "name": "kim"
            },
            "tags_all": {
              "dept": "admin",
              "level": "L",
              "name": "kim"
            },
            "unique_id": "AIDAT2W7VGONJXWL3SKOO"
          },
          "sensitive_attributes": [],
          "private": "bnVsbA=="
        },
        {
          "index_key": "lee",
          "schema_version": 0,
          "attributes": {
            "arn": "arn:aws:iam::263535801242:user/lee",
            "force_destroy": false,
            "id": "lee",
            "name": "lee",
            "path": "/",
            "permissions_boundary": null,
            "tags": {
              "dept": "dev",
              "level": "M",
              "name": "lee"
            },
            "tags_all": {
              "dept": "dev",
              "level": "M",
              "name": "lee"
            },
            "unique_id": "AIDAT2W7VGONHOBGBGMGG"
          },
          "sensitive_attributes": [],
          "private": "bnVsbA=="
        },
        {
          "index_key": "park",
          "schema_version": 0,
          "attributes": {
            "arn": "arn:aws:iam::263535801242:user/park",
            "force_destroy": false,
            "id": "park",
            "name": "park",
            "path": "/",
            "permissions_boundary": null,
            "tags": {
              "dept": "dev",
              "level": "H",
              "name": "kim"
            },
            "tags_all": {
              "dept": "dev",
              "level": "H",
              "name": "kim"
            },
            "unique_id": "AIDAT2W7VGONKEJD3YOSE"
          },
          "sensitive_attributes": [],
          "private": "bnVsbA=="
        }
      ]
    }
  ],
  "check_results": null
}
