{
  "version": 4,
  "terraform_version": "1.6.3",
  "serial": 31,
  "lineage": "e0fd4663-0827-5369-b291-035f770a63c9",
  "outputs": {},
  "resources": [
    {
      "mode": "managed",
      "type": "aws_vpc",
      "name": "tf_vpc",
      "provider": "provider[\"registry.terraform.io/hashicorp/aws\"]",
      "instances": [
        {
          "schema_version": 1,
          "attributes": {
            "arn": "arn:aws:ec2:ap-northeast-2:263535801242:vpc/vpc-08b1dd813ab0de583",
            "assign_generated_ipv6_cidr_block": false,
            "cidr_block": "10.0.0.0/16",
            "default_network_acl_id": "acl-0f857b8ad121c3e36",
            "default_route_table_id": "rtb-0ea8ca4d22dab099c",
            "default_security_group_id": "sg-0e12740f8d8e00c5f",
            "dhcp_options_id": "dopt-0fa6c85811b7a2cab",
            "enable_dns_hostnames": true,
            "enable_dns_support": true,
            "enable_network_address_usage_metrics": false,
            "id": "vpc-08b1dd813ab0de583",
            "instance_tenancy": "default",
            "ipv4_ipam_pool_id": null,
            "ipv4_netmask_length": null,
            "ipv6_association_id": "",
            "ipv6_cidr_block": "",
            "ipv6_cidr_block_network_border_group": "",
            "ipv6_ipam_pool_id": "",
            "ipv6_netmask_length": 0,
            "main_route_table_id": "rtb-0ea8ca4d22dab099c",
            "owner_id": "263535801242",
            "tags": {
              "Name": "TEST-VPC",
              "owner": "Community Team",
              "service_name": "forum"
            },
            "tags_all": {
              "Name": "TEST-VPC",
              "owner": "Community Team",
              "service_name": "forum"
            }
          },
          "sensitive_attributes": [],
          "private": "eyJzY2hlbWFfdmVyc2lvbiI6IjEifQ=="
        }
      ]
    }
  ],
  "check_results": null
}
