{
  "version": 4,
  "terraform_version": "1.6.3",
  "serial": 3,
  "lineage": "903aa42d-ad82-0a35-8f07-0f0a34556e40",
  "outputs": {},
  "resources": [
    {
      "mode": "managed",
      "type": "aws_vpc",
      "name": "TEST",
      "provider": "provider[\"registry.terraform.io/hashicorp/aws\"]",
      "instances": [
        {
          "schema_version": 1,
          "attributes": {
            "arn": "arn:aws:ec2:ap-northeast-2:263535801242:vpc/vpc-0bf0a10fad1f1ba4a",
            "assign_generated_ipv6_cidr_block": false,
            "cidr_block": "10.1.0.0/16",
            "default_network_acl_id": "acl-015729fdeb392ba74",
            "default_route_table_id": "rtb-0fbbb0fa9a5d70dba",
            "default_security_group_id": "sg-0758fc35739ca1841",
            "dhcp_options_id": "dopt-0fa6c85811b7a2cab",
            "enable_dns_hostnames": false,
            "enable_dns_support": true,
            "enable_network_address_usage_metrics": false,
            "id": "vpc-0bf0a10fad1f1ba4a",
            "instance_tenancy": "default",
            "ipv4_ipam_pool_id": null,
            "ipv4_netmask_length": null,
            "ipv6_association_id": "",
            "ipv6_cidr_block": "",
            "ipv6_cidr_block_network_border_group": "",
            "ipv6_ipam_pool_id": "",
            "ipv6_netmask_length": 0,
            "main_route_table_id": "rtb-0fbbb0fa9a5d70dba",
            "owner_id": "263535801242",
            "tags": {
              "Name": "aws_vpc"
            },
            "tags_all": {
              "Name": "aws_vpc"
            }
          },
          "sensitive_attributes": [],
          "private": "eyJzY2hlbWFfdmVyc2lvbiI6IjEifQ=="
        }
      ]
    }
  ],
  "check_results": null
}
